
Microsoft Visual Studio Solution File, Format Version 12.00
# Visual Studio Version 17
VisualStudioVersion = 17.8.34525.116
MinimumVisualStudioVersion = 10.0.40219.1
Project("{2150E333-8FDC-42A3-9474-1A3956D46DE8}") = "FrontEnd", "FrontEnd", "{8A9A0E08-62D0-49FD-B67E-4A61ABAD8B3E}"
EndProject
Project("{2150E333-8FDC-42A3-9474-1A3956D46DE8}") = "Gateway", "Gateway", "{6603A6D6-0925-43E4-ABF5-C8D108146C26}"
EndProject
Project("{2150E333-8FDC-42A3-9474-1A3956D46DE8}") = "Integration", "Integration", "{2A9558E1-4609-4CCF-B77D-30DD5380DB90}"
EndProject
Project("{2150E333-8FDC-42A3-9474-1A3956D46DE8}") = "Services", "Services", "{83623753-EC5A-4455-B9A1-3E69D0EE22AB}"
EndProject
Project("{9A19103F-16F7-4668-BE54-9A1E7A4F7556}") = "Orange.Services.CouponAPI", "Orange.Services.CouponAPI\Orange.Services.CouponAPI.csproj", "{03A20E3C-B8D6-4AB6-9645-E0D319D0D8DB}"
EndProject
Project("{9A19103F-16F7-4668-BE54-9A1E7A4F7556}") = "Orange.Web", "Orange.Web\Orange.Web.csproj", "{1345B14C-54EA-4402-AE62-8FDF6F15CDC4}"
EndProject
Project("{2150E333-8FDC-42A3-9474-1A3956D46DE8}") = "Models", "Models", "{E3BC00F0-D798-43C1-B177-56592279CC34}"
EndProject
Project("{9A19103F-16F7-4668-BE54-9A1E7A4F7556}") = "Orange.Models", "Orange.Models\Orange.Models.csproj", "{C84A22CA-1AC7-4D11-8324-30557BF2FAE7}"
EndProject
Project("{9A19103F-16F7-4668-BE54-9A1E7A4F7556}") = "Orange.Services.AuthAPI", "Orange.Services.AuthAPI\Orange.Services.AuthAPI.csproj", "{2DB81AA3-8446-43EA-92CA-66089682B9D7}"
EndProject
Project("{9A19103F-16F7-4668-BE54-9A1E7A4F7556}") = "Orange.Services.ProductAPI", "Orange.Services.ProductAPI\Orange.Services.ProductAPI.csproj", "{5B6C0E13-B488-4042-9317-FDD7E04865CB}"
EndProject
Project("{2150E333-8FDC-42A3-9474-1A3956D46DE8}") = "Utils", "Utils", "{68A67191-0D6F-41E7-BD03-E1D89A6EBAB7}"
EndProject
Project("{9A19103F-16F7-4668-BE54-9A1E7A4F7556}") = "Utils", "Utils\Utils.csproj", "{4B92287A-97FB-41EB-B925-3E428A57D9E4}"
EndProject
Project("{9A19103F-16F7-4668-BE54-9A1E7A4F7556}") = "Orange.Services.ShoppingCartAPI", "Orange.Services.ShoppingCartAPI\Orange.Services.ShoppingCartAPI.csproj", "{A9298A82-4051-4D7F-ADEC-78FD22956A62}"
EndProject
Project("{9A19103F-16F7-4668-BE54-9A1E7A4F7556}") = "Orange.MessageBus", "Orange.MessageBus\Orange.MessageBus.csproj", "{1DE29F1F-6A4C-45BD-974F-A1C14234DCDA}"
EndProject
Project("{9A19103F-16F7-4668-BE54-9A1E7A4F7556}") = "Orange.Services.EmailAPI", "Orange.Services.EmailAPI\Orange.Services.EmailAPI.csproj", "{86E6D850-15EC-4F2A-AD7F-CCA3939DF94C}"
EndProject
Project("{9A19103F-16F7-4668-BE54-9A1E7A4F7556}") = "Orange.Services.OrderAPI", "Orange.Services.OrderAPI\Orange.Services.OrderAPI.csproj", "{4FE8DDEC-AA01-4191-A5AC-AF85A24E10DE}"
EndProject
Project("{FAE04EC0-301F-11D3-BF4B-00C04F79EFBC}") = "Orange.Services.RewardAPI", "Orange.Services.RewardAPI\Orange.Services.RewardAPI.csproj", "{4B3B3FC7-5C17-4A2B-AC16-883821CEB227}"
EndProject
Global
	GlobalSection(SolutionConfigurationPlatforms) = preSolution
		Debug|Any CPU = Debug|Any CPU
		Release|Any CPU = Release|Any CPU
	EndGlobalSection
	GlobalSection(ProjectConfigurationPlatforms) = postSolution
		{03A20E3C-B8D6-4AB6-9645-E0D319D0D8DB}.Debug|Any CPU.ActiveCfg = Debug|Any CPU
		{03A20E3C-B8D6-4AB6-9645-E0D319D0D8DB}.Debug|Any CPU.Build.0 = Debug|Any CPU
		{03A20E3C-B8D6-4AB6-9645-E0D319D0D8DB}.Release|Any CPU.ActiveCfg = Release|Any CPU
		{03A20E3C-B8D6-4AB6-9645-E0D319D0D8DB}.Release|Any CPU.Build.0 = Release|Any CPU
		{1345B14C-54EA-4402-AE62-8FDF6F15CDC4}.Debug|Any CPU.ActiveCfg = Debug|Any CPU
		{1345B14C-54EA-4402-AE62-8FDF6F15CDC4}.Debug|Any CPU.Build.0 = Debug|Any CPU
		{1345B14C-54EA-4402-AE62-8FDF6F15CDC4}.Release|Any CPU.ActiveCfg = Release|Any CPU
		{1345B14C-54EA-4402-AE62-8FDF6F15CDC4}.Release|Any CPU.Build.0 = Release|Any CPU
		{C84A22CA-1AC7-4D11-8324-30557BF2FAE7}.Debug|Any CPU.ActiveCfg = Debug|Any CPU
		{C84A22CA-1AC7-4D11-8324-30557BF2FAE7}.Debug|Any CPU.Build.0 = Debug|Any CPU
		{C84A22CA-1AC7-4D11-8324-30557BF2FAE7}.Release|Any CPU.ActiveCfg = Release|Any CPU
		{C84A22CA-1AC7-4D11-8324-30557BF2FAE7}.Release|Any CPU.Build.0 = Release|Any CPU
		{2DB81AA3-8446-43EA-92CA-66089682B9D7}.Debug|Any CPU.ActiveCfg = Debug|Any CPU
		{2DB81AA3-8446-43EA-92CA-66089682B9D7}.Debug|Any CPU.Build.0 = Debug|Any CPU
		{2DB81AA3-8446-43EA-92CA-66089682B9D7}.Release|Any CPU.ActiveCfg = Release|Any CPU
		{2DB81AA3-8446-43EA-92CA-66089682B9D7}.Release|Any CPU.Build.0 = Release|Any CPU
		{5B6C0E13-B488-4042-9317-FDD7E04865CB}.Debug|Any CPU.ActiveCfg = Debug|Any CPU
		{5B6C0E13-B488-4042-9317-FDD7E04865CB}.Debug|Any CPU.Build.0 = Debug|Any CPU
		{5B6C0E13-B488-4042-9317-FDD7E04865CB}.Release|Any CPU.ActiveCfg = Release|Any CPU
		{5B6C0E13-B488-4042-9317-FDD7E04865CB}.Release|Any CPU.Build.0 = Release|Any CPU
		{4B92287A-97FB-41EB-B925-3E428A57D9E4}.Debug|Any CPU.ActiveCfg = Debug|Any CPU
		{4B92287A-97FB-41EB-B925-3E428A57D9E4}.Debug|Any CPU.Build.0 = Debug|Any CPU
		{4B92287A-97FB-41EB-B925-3E428A57D9E4}.Release|Any CPU.ActiveCfg = Release|Any CPU
		{4B92287A-97FB-41EB-B925-3E428A57D9E4}.Release|Any CPU.Build.0 = Release|Any CPU
		{A9298A82-4051-4D7F-ADEC-78FD22956A62}.Debug|Any CPU.ActiveCfg = Debug|Any CPU
		{A9298A82-4051-4D7F-ADEC-78FD22956A62}.Debug|Any CPU.Build.0 = Debug|Any CPU
		{A9298A82-4051-4D7F-ADEC-78FD22956A62}.Release|Any CPU.ActiveCfg = Release|Any CPU
		{A9298A82-4051-4D7F-ADEC-78FD22956A62}.Release|Any CPU.Build.0 = Release|Any CPU
		{1DE29F1F-6A4C-45BD-974F-A1C14234DCDA}.Debug|Any CPU.ActiveCfg = Debug|Any CPU
		{1DE29F1F-6A4C-45BD-974F-A1C14234DCDA}.Debug|Any CPU.Build.0 = Debug|Any CPU
		{1DE29F1F-6A4C-45BD-974F-A1C14234DCDA}.Release|Any CPU.ActiveCfg = Release|Any CPU
		{1DE29F1F-6A4C-45BD-974F-A1C14234DCDA}.Release|Any CPU.Build.0 = Release|Any CPU
		{86E6D850-15EC-4F2A-AD7F-CCA3939DF94C}.Debug|Any CPU.ActiveCfg = Debug|Any CPU
		{86E6D850-15EC-4F2A-AD7F-CCA3939DF94C}.Debug|Any CPU.Build.0 = Debug|Any CPU
		{86E6D850-15EC-4F2A-AD7F-CCA3939DF94C}.Release|Any CPU.ActiveCfg = Release|Any CPU
		{86E6D850-15EC-4F2A-AD7F-CCA3939DF94C}.Release|Any CPU.Build.0 = Release|Any CPU
		{4FE8DDEC-AA01-4191-A5AC-AF85A24E10DE}.Debug|Any CPU.ActiveCfg = Debug|Any CPU
		{4FE8DDEC-AA01-4191-A5AC-AF85A24E10DE}.Debug|Any CPU.Build.0 = Debug|Any CPU
		{4FE8DDEC-AA01-4191-A5AC-AF85A24E10DE}.Release|Any CPU.ActiveCfg = Release|Any CPU
		{4FE8DDEC-AA01-4191-A5AC-AF85A24E10DE}.Release|Any CPU.Build.0 = Release|Any CPU
		{4B3B3FC7-5C17-4A2B-AC16-883821CEB227}.Debug|Any CPU.ActiveCfg = Debug|Any CPU
		{4B3B3FC7-5C17-4A2B-AC16-883821CEB227}.Debug|Any CPU.Build.0 = Debug|Any CPU
		{4B3B3FC7-5C17-4A2B-AC16-883821CEB227}.Release|Any CPU.ActiveCfg = Release|Any CPU
		{4B3B3FC7-5C17-4A2B-AC16-883821CEB227}.Release|Any CPU.Build.0 = Release|Any CPU
	EndGlobalSection
	GlobalSection(SolutionProperties) = preSolution
		HideSolutionNode = FALSE
	EndGlobalSection
	GlobalSection(NestedProjects) = preSolution
		{03A20E3C-B8D6-4AB6-9645-E0D319D0D8DB} = {83623753-EC5A-4455-B9A1-3E69D0EE22AB}
		{1345B14C-54EA-4402-AE62-8FDF6F15CDC4} = {8A9A0E08-62D0-49FD-B67E-4A61ABAD8B3E}
		{C84A22CA-1AC7-4D11-8324-30557BF2FAE7} = {E3BC00F0-D798-43C1-B177-56592279CC34}
		{2DB81AA3-8446-43EA-92CA-66089682B9D7} = {83623753-EC5A-4455-B9A1-3E69D0EE22AB}
		{5B6C0E13-B488-4042-9317-FDD7E04865CB} = {83623753-EC5A-4455-B9A1-3E69D0EE22AB}
		{4B92287A-97FB-41EB-B925-3E428A57D9E4} = {68A67191-0D6F-41E7-BD03-E1D89A6EBAB7}
		{A9298A82-4051-4D7F-ADEC-78FD22956A62} = {83623753-EC5A-4455-B9A1-3E69D0EE22AB}
		{1DE29F1F-6A4C-45BD-974F-A1C14234DCDA} = {2A9558E1-4609-4CCF-B77D-30DD5380DB90}
		{86E6D850-15EC-4F2A-AD7F-CCA3939DF94C} = {83623753-EC5A-4455-B9A1-3E69D0EE22AB}
		{4FE8DDEC-AA01-4191-A5AC-AF85A24E10DE} = {83623753-EC5A-4455-B9A1-3E69D0EE22AB}
		{4B3B3FC7-5C17-4A2B-AC16-883821CEB227} = {83623753-EC5A-4455-B9A1-3E69D0EE22AB}
	EndGlobalSection
	GlobalSection(ExtensibilityGlobals) = postSolution
		SolutionGuid = {3016451D-B150-4133-8C8C-3A7477AA34FA}
	EndGlobalSection
EndGlobal
